
Microsoft Visual Studio Solution File, Format Version 12.00
# Visual Studio Version 17
VisualStudioVersion = 17.3.32804.467
MinimumVisualStudioVersion = 10.0.40219.1
Project("{FAE04EC0-301F-11D3-BF4B-00C04F79EFBC}") = "Tetris NEAT AI", "Tetris NEAT AI.csproj", "{F9A0B0E9-7B83-4C78-B725-91BD63AD763E}"
EndProject
Global
	GlobalSection(SolutionConfigurationPlatforms) = preSolution
		Debug|Any CPU = Debug|Any CPU
		Release|Any CPU = Release|Any CPU
	EndGlobalSection
	GlobalSection(ProjectConfigurationPlatforms) = postSolution
		{F9A0B0E9-7B83-4C78-B725-91BD63AD763E}.Debug|Any CPU.ActiveCfg = Debug|Any CPU
		{F9A0B0E9-7B83-4C78-B725-91BD63AD763E}.Debug|Any CPU.Build.0 = Debug|Any CPU
		{F9A0B0E9-7B83-4C78-B725-91BD63AD763E}.Release|Any CPU.ActiveCfg = Release|Any CPU
		{F9A0B0E9-7B83-4C78-B725-91BD63AD763E}.Release|Any CPU.Build.0 = Release|Any CPU
	EndGlobalSection
	GlobalSection(SolutionProperties) = preSolution
		HideSolutionNode = FALSE
	EndGlobalSection
	GlobalSection(ExtensibilityGlobals) = postSolution
		SolutionGuid = {32089FAA-7B29-49E0-9DD8-7CB9634D123C}
	EndGlobalSection
EndGlobal
